
Microsoft Visual Studio Solution File, Format Version 12.00
# Visual Studio Version 17
VisualStudioVersion = 17.3.32922.545
MinimumVisualStudioVersion = 10.0.40219.1
Project("{FAE04EC0-301F-11D3-BF4B-00C04F79EFBC}") = "AdminUserInterface", "AdminUserInterface.csproj", "{A58F8614-B546-4CE6-B6D8-19FF2F69CBCB}"
EndProject
Global
	GlobalSection(SolutionConfigurationPlatforms) = preSolution
		Debug|Any CPU = Debug|Any CPU
		Release|Any CPU = Release|Any CPU
	EndGlobalSection
	GlobalSection(ProjectConfigurationPlatforms) = postSolution
		{A58F8614-B546-4CE6-B6D8-19FF2F69CBCB}.Debug|Any CPU.ActiveCfg = Debug|Any CPU
		{A58F8614-B546-4CE6-B6D8-19FF2F69CBCB}.Debug|Any CPU.Build.0 = Debug|Any CPU
		{A58F8614-B546-4CE6-B6D8-19FF2F69CBCB}.Release|Any CPU.ActiveCfg = Release|Any CPU
		{A58F8614-B546-4CE6-B6D8-19FF2F69CBCB}.Release|Any CPU.Build.0 = Release|Any CPU
	EndGlobalSection
	GlobalSection(SolutionProperties) = preSolution
		HideSolutionNode = FALSE
	EndGlobalSection
	GlobalSection(ExtensibilityGlobals) = postSolution
		SolutionGuid = {B4919EF4-F7EC-44E0-BE00-EA0E7C3C8476}
	EndGlobalSection
EndGlobal
